// !$*UTF8*$!
{
	archiveVersion = 1;
	classes = {
	};
	objectVersion = 50;
	objects = {

/* Begin PBXBuildFile section */
		4175E8842863845800DCFDC7 /* AppDelegate.swift in Sources */ = {isa = PBXBuildFile; fileRef = 4175E8832863845800DCFDC7 /* AppDelegate.swift */; };
		4175E8862863845800DCFDC7 /* SceneDelegate.swift in Sources */ = {isa = PBXBuildFile; fileRef = 4175E8852863845800DCFDC7 /* SceneDelegate.swift */; };
		4175E8882863845800DCFDC7 /* ViewController.swift in Sources */ = {isa = PBXBuildFile; fileRef = 4175E8872863845800DCFDC7 /* ViewController.swift */; };
		4175E88B2863845800DCFDC7 /* Main.storyboard in Resources */ = {isa = PBXBuildFile; fileRef = 4175E8892863845800DCFDC7 /* Main.storyboard */; };
		4175E88D2863845900DCFDC7 /* Assets.xcassets in Resources */ = {isa = PBXBuildFile; fileRef = 4175E88C2863845900DCFDC7 /* Assets.xcassets */; };
		4175E8902863845900DCFDC7 /* LaunchScreen.storyboard in Resources */ = {isa = PBXBuildFile; fileRef = 4175E88E2863845900DCFDC7 /* LaunchScreen.storyboard */; };
		4175E89E28638C7500DCFDC7 /* RoundButton.swift in Sources */ = {isa = PBXBuildFile; fileRef = 4175E89D28638C7500DCFDC7 /* RoundButton.swift */; };
		41EFD8A12864B30400327C11 /* EnumTest.swift in Sources */ = {isa = PBXBuildFile; fileRef = 41EFD8A02864B30400327C11 /* EnumTest.swift */; };
/* End PBXBuildFile section */

/* Begin PBXFileReference section */
		4175E8802863845800DCFDC7 /* calcpro.app */ = {isa = PBXFileReference; explicitFileType = wrapper.application; includeInIndex = 0; path = calcpro.app; sourceTree = BUILT_PRODUCTS_DIR; };
		4175E8832863845800DCFDC7 /* AppDelegate.swift */ = {isa = PBXFileReference; lastKnownFileType = sourcecode.swift; path = AppDelegate.swift; sourceTree = "<group>"; };
		4175E8852863845800DCFDC7 /* SceneDelegate.swift */ = {isa = PBXFileReference; lastKnownFileType = sourcecode.swift; path = SceneDelegate.swift; sourceTree = "<group>"; };
		4175E8872863845800DCFDC7 /* ViewController.swift */ = {isa = PBXFileReference; lastKnownFileType = sourcecode.swift; path = ViewController.swift; sourceTree = "<group>"; };
		4175E88A2863845800DCFDC7 /* Base */ = {isa = PBXFileReference; lastKnownFileType = file.storyboard; name = Base; path = Base.lproj/Main.storyboard; sourceTree = "<group>"; };
		4175E88C2863845900DCFDC7 /* Assets.xcassets */ = {isa = PBXFileReference; lastKnownFileType = folder.assetcatalog; path = Assets.xcassets; sourceTree = "<group>"; };
		4175E88F2863845900DCFDC7 /* Base */ = {isa = PBXFileReference; lastKnownFileType = file.storyboard; name = Base; path = Base.lproj/LaunchScreen.storyboard; sourceTree = "<group>"; };
		4175E8912863845900DCFDC7 /* Info.plist */ = {isa = PBXFileReference; lastKnownFileType = text.plist.xml; path = Info.plist; sourceTree = "<group>"; };
		4175E89D28638C7500DCFDC7 /* RoundButton.swift */ = {isa = PBXFileReference; lastKnownFileType = sourcecode.swift; path = RoundButton.swift; sourceTree = "<group>"; };
		41EFD8A02864B30400327C11 /* EnumTest.swift */ = {isa = PBXFileReference; lastKnownFileType = sourcecode.swift; path = EnumTest.swift; sourceTree = "<group>"; };
/* End PBXFileReference section */

/* Begin PBXFrameworksBuildPhase section */
		4175E87D2863845800DCFDC7 /* Frameworks */ = {
			isa = PBXFrameworksBuildPhase;
			buildActionMask = 2147483647;
			files = (
			);
			runOnlyForDeploymentPostprocessing = 0;
		};
/* End PBXFrameworksBuildPhase section */

/* Begin PBXGroup section */
		4175E8772863845800DCFDC7 = {
			isa = PBXGroup;
			children = (
				4175E8822863845800DCFDC7 /* calcpro */,
				4175E8812863845800DCFDC7 /* Products */,
			);
			sourceTree = "<group>";
		};
		4175E8812863845800DCFDC7 /* Products */ = {
			isa = PBXGroup;
			children = (
				4175E8802863845800DCFDC7 /* calcpro.app */,
			);
			name = Products;
			sourceTree = "<group>";
		};
		4175E8822863845800DCFDC7 /* calcpro */ = {
			isa = PBXGroup;
			children = (
				41EFD8A42864B3BB00327C11 /* ViewController */,
				41EFD89F2864B2F200327C11 /* Helper */,
				4175E8832863845800DCFDC7 /* AppDelegate.swift */,
				4175E8852863845800DCFDC7 /* SceneDelegate.swift */,
				4175E8892863845800DCFDC7 /* Main.storyboard */,
				4175E88C2863845900DCFDC7 /* Assets.xcassets */,
				4175E88E2863845900DCFDC7 /* LaunchScreen.storyboard */,
				4175E8912863845900DCFDC7 /* Info.plist */,
			);
			path = calcpro;
			sourceTree = "<group>";
		};
		41EFD89F2864B2F200327C11 /* Helper */ = {
			isa = PBXGroup;
			children = (
				41EFD8A02864B30400327C11 /* EnumTest.swift */,
				4175E89D28638C7500DCFDC7 /* RoundButton.swift */,
			);
			path = Helper;
			sourceTree = "<group>";
		};
		41EFD8A42864B3BB00327C11 /* ViewController */ = {
			isa = PBXGroup;
			children = (
				4175E8872863845800DCFDC7 /* ViewController.swift */,
			);
			path = ViewController;
			sourceTree = "<group>";
		};
/* End PBXGroup section */

/* Begin PBXNativeTarget section */
		4175E87F2863845800DCFDC7 /* calcpro */ = {
			isa = PBXNativeTarget;
			buildConfigurationList = 4175E8942863845900DCFDC7 /* Build configuration list for PBXNativeTarget "calcpro" */;
			buildPhases = (
				4175E87C2863845800DCFDC7 /* Sources */,
				4175E87D2863845800DCFDC7 /* Frameworks */,
				4175E87E2863845800DCFDC7 /* Resources */,
			);
			buildRules = (
			);
			dependencies = (
			);
			name = calcpro;
			productName = calcpro;
			productReference = 4175E8802863845800DCFDC7 /* calcpro.app */;
			productType = "com.apple.product-type.application";
		};
/* End PBXNativeTarget section */

/* Begin PBXProject section */
		4175E8782863845800DCFDC7 /* Project object */ = {
			isa = PBXProject;
			attributes = {
				LastSwiftUpdateCheck = 1240;
				LastUpgradeCheck = 1240;
				TargetAttributes = {
					4175E87F2863845800DCFDC7 = {
						CreatedOnToolsVersion = 12.4;
					};
				};
			};
			buildConfigurationList = 4175E87B2863845800DCFDC7 /* Build configuration list for PBXProject "calcpro" */;
			compatibilityVersion = "Xcode 9.3";
			developmentRegion = en;
			hasScannedForEncodings = 0;
			knownRegions = (
				en,
				Base,
			);
			mainGroup = 4175E8772863845800DCFDC7;
			productRefGroup = 4175E8812863845800DCFDC7 /* Products */;
			projectDirPath = "";
			projectRoot = "";
			targets = (
				4175E87F2863845800DCFDC7 /* calcpro */,
			);
		};
/* End PBXProject section */

/* Begin PBXResourcesBuildPhase section */
		4175E87E2863845800DCFDC7 /* Resources */ = {
			isa = PBXResourcesBuildPhase;
			buildActionMask = 2147483647;
			files = (
				4175E8902863845900DCFDC7 /* LaunchScreen.storyboard in Resources */,
				4175E88D2863845900DCFDC7 /* Assets.xcassets in Resources */,
				4175E88B2863845800DCFDC7 /* Main.storyboard in Resources */,
			);
			runOnlyForDeploymentPostprocessing = 0;
		};
/* End PBXResourcesBuildPhase section */

/* Begin PBXSourcesBuildPhase section */
		4175E87C2863845800DCFDC7 /* Sources */ = {
			isa = PBXSourcesBuildPhase;
			buildActionMask = 2147483647;
			files = (
				4175E89E28638C7500DCFDC7 /* RoundButton.swift in Sources */,
				41EFD8A12864B30400327C11 /* EnumTest.swift in Sources */,
				4175E8882863845800DCFDC7 /* ViewController.swift in Sources */,
				4175E8842863845800DCFDC7 /* AppDelegate.swift in Sources */,
				4175E8862863845800DCFDC7 /* SceneDelegate.swift in Sources */,
			);
			runOnlyForDeploymentPostprocessing = 0;
		};
/* End PBXSourcesBuildPhase section */

/* Begin PBXVariantGroup section */
		4175E8892863845800DCFDC7 /* Main.storyboard */ = {
			isa = PBXVariantGroup;
			children = (
				4175E88A2863845800DCFDC7 /* Base */,
			);
			name = Main.storyboard;
			sourceTree = "<group>";
		};
		4175E88E2863845900DCFDC7 /* LaunchScreen.storyboard */ = {
			isa = PBXVariantGroup;
			children = (
				4175E88F2863845900DCFDC7 /* Base */,
			);
			name = LaunchScreen.storyboard;
			sourceTree = "<group>";
		};
/* End PBXVariantGroup section */

/* Begin XCBuildConfiguration section */
		4175E8922863845900DCFDC7 /* Debug */ = {
			isa = XCBuildConfiguration;
			buildSettings = {
				ALWAYS_SEARCH_USER_PATHS = NO;
				CLANG_ANALYZER_NONNULL = YES;
				CLANG_ANALYZER_NUMBER_OBJECT_CONVERSION = YES_AGGRESSIVE;
				CLANG_CXX_LANGUAGE_STANDARD = "gnu++14";
				CLANG_CXX_LIBRARY = "libc++";
				CLANG_ENABLE_MODULES = YES;
				CLANG_ENABLE_OBJC_ARC = YES;
				CLANG_ENABLE_OBJC_WEAK = YES;
				CLANG_WARN_BLOCK_CAPTURE_AUTORELEASING = YES;
				CLANG_WARN_BOOL_CONVERSION = YES;
				CLANG_WARN_COMMA = YES;
				CLANG_WARN_CONSTANT_CONVERSION = YES;
				CLANG_WARN_DEPRECATED_OBJC_IMPLEMENTATIONS = YES;
				CLANG_WARN_DIRECT_OBJC_ISA_USAGE = YES_ERROR;
				CLANG_WARN_DOCUMENTATION_COMMENTS = YES;
				CLANG_WARN_EMPTY_BODY = YES;
				CLANG_WARN_ENUM_CONVERSION = YES;
				CLANG_WARN_INFINITE_RECURSION = YES;
				CLANG_WARN_INT_CONVERSION = YES;
				CLANG_WARN_NON_LITERAL_NULL_CONVERSION = YES;
				CLANG_WARN_OBJC_IMPLICIT_RETAIN_SELF = YES;
				CLANG_WARN_OBJC_LITERAL_CONVERSION = YES;
				CLANG_WARN_OBJC_ROOT_CLASS = YES_ERROR;
				CLANG_WARN_QUOTED_INCLUDE_IN_FRAMEWORK_HEADER = YES;
				CLANG_WARN_RANGE_LOOP_ANALYSIS = YES;
				CLANG_WARN_STRICT_PROTOTYPES = YES;
				CLANG_WARN_SUSPICIOUS_MOVE = YES;
				CLANG_WARN_UNGUARDED_AVAILABILITY = YES_AGGRESSIVE;
				CLANG_WARN_UNREACHABLE_CODE = YES;
				CLANG_WARN__DUPLICATE_METHOD_MATCH = YES;
				COPY_PHASE_STRIP = NO;
				DEBUG_INFORMATION_FORMAT = dwarf;
				ENABLE_STRICT_OBJC_MSGSEND = YES;
				ENABLE_TESTABILITY = YES;
				GCC_C_LANGUAGE_STANDARD = gnu11;
				GCC_DYNAMIC_NO_PIC = NO;
				GCC_NO_COMMON_BLOCKS = YES;
				GCC_OPTIMIZATION_LEVEL = 0;
				GCC_PREPROCESSOR_DEFINITIONS = (
					"DEBUG=1",
					"$(inherited)",
				);
				GCC_WARN_64_TO_32_BIT_CONVERSION = YES;
				GCC_WARN_ABOUT_RETURN_TYPE = YES_ERROR;
				GCC_WARN_UNDECLARED_SELECTOR = YES;
				GCC_WARN_UNINITIALIZED_AUTOS = YES_AGGRESSIVE;
				GCC_WARN_UNUSED_FUNCTION = YES;
				GCC_WARN_UNUSED_VARIABLE = YES;
				IPHONEOS_DEPLOYMENT_TARGET = 14.4;
				MTL_ENABLE_DEBUG_INFO = INCLUDE_SOURCE;
				MTL_FAST_MATH = YES;
				ONLY_ACTIVE_ARCH = YES;
				SDKROOT = iphoneos;
				SWIFT_ACTIVE_COMPILATION_CONDITIONS = DEBUG;
				SWIFT_OPTIMIZATION_LEVEL = "-Onone";
			};
			name = Debug;
		};
		4175E8932863845900DCFDC7 /* Release */ = {
			isa = XCBuildConfiguration;
			buildSettings = {
				ALWAYS_SEARCH_USER_PATHS = NO;
				CLANG_ANALYZER_NONNULL = YES;
				CLANG_ANALYZER_NUMBER_OBJECT_CONVERSION = YES_AGGRESSIVE;
				CLANG_CXX_LANGUAGE_STANDARD = "gnu++14";
				CLANG_CXX_LIBRARY = "libc++";
				CLANG_ENABLE_MODULES = YES;
				CLANG_ENABLE_OBJC_ARC = YES;
				CLANG_ENABLE_OBJC_WEAK = YES;
				CLANG_WARN_BLOCK_CAPTURE_AUTORELEASING = YES;
				CLANG_WARN_BOOL_CONVERSION = YES;
				CLANG_WARN_COMMA = YES;
				CLANG_WARN_CONSTANT_CONVERSION = YES;
				CLANG_WARN_DEPRECATED_OBJC_IMPLEMENTATIONS = YES;
				CLANG_WARN_DIRECT_OBJC_ISA_USAGE = YES_ERROR;
				CLANG_WARN_DOCUMENTATION_COMMENTS = YES;
				CLANG_WARN_EMPTY_BODY = YES;
				CLANG_WARN_ENUM_CONVERSION = YES;
				CLANG_WARN_INFINITE_RECURSION = YES;
				CLANG_WARN_INT_CONVERSION = YES;
				CLANG_WARN_NON_LITERAL_NULL_CONVERSION = YES;
				CLANG_WARN_OBJC_IMPLICIT_RETAIN_SELF = YES;
				CLANG_WARN_OBJC_LITERAL_CONVERSION = YES;
				CLANG_WARN_OBJC_ROOT_CLASS = YES_ERROR;
				CLANG_WARN_QUOTED_INCLUDE_IN_FRAMEWORK_HEADER = YES;
				CLANG_WARN_RANGE_LOOP_ANALYSIS = YES;
				CLANG_WARN_STRICT_PROTOTYPES = YES;
				CLANG_WARN_SUSPICIOUS_MOVE = YES;
				CLANG_WARN_UNGUARDED_AVAILABILITY = YES_AGGRESSIVE;
				CLANG_WARN_UNREACHABLE_CODE = YES;
				CLANG_WARN__DUPLICATE_METHOD_MATCH = YES;
				COPY_PHASE_STRIP = NO;
				DEBUG_INFORMATION_FORMAT = "dwarf-with-dsym";
				ENABLE_NS_ASSERTIONS = NO;
				ENABLE_STRICT_OBJC_MSGSEND = YES;
				GCC_C_LANGUAGE_STANDARD = gnu11;
				GCC_NO_COMMON_BLOCKS = YES;
				GCC_WARN_64_TO_32_BIT_CONVERSION = YES;
				GCC_WARN_ABOUT_RETURN_TYPE = YES_ERROR;
				GCC_WARN_UNDECLARED_SELECTOR = YES;
				GCC_WARN_UNINITIALIZED_AUTOS = YES_AGGRESSIVE;
				GCC_WARN_UNUSED_FUNCTION = YES;
				GCC_WARN_UNUSED_VARIABLE = YES;
				IPHONEOS_DEPLOYMENT_TARGET = 14.4;
				MTL_ENABLE_DEBUG_INFO = NO;
				MTL_FAST_MATH = YES;
				SDKROOT = iphoneos;
				SWIFT_COMPILATION_MODE = wholemodule;
				SWIFT_OPTIMIZATION_LEVEL = "-O";
				VALIDATE_PRODUCT = YES;
			};
			name = Release;
		};
		4175E8952863845900DCFDC7 /* Debug */ = {
			isa = XCBuildConfiguration;
			buildSettings = {
				ASSETCATALOG_COMPILER_APPICON_NAME = AppIcon;
				ASSETCATALOG_COMPILER_GLOBAL_ACCENT_COLOR_NAME = AccentColor;
				CODE_SIGN_STYLE = Automatic;
				INFOPLIST_FILE = calcpro/Info.plist;
				IPHONEOS_DEPLOYMENT_TARGET = 13.0;
				LD_RUNPATH_SEARCH_PATHS = (
					"$(inherited)",
					"@executable_path/Frameworks",
				);
				PRODUCT_BUNDLE_IDENTIFIER = shm.calcpro;
				PRODUCT_NAME = "$(TARGET_NAME)";
				SWIFT_VERSION = 5.0;
				TARGETED_DEVICE_FAMILY = "1,2";
			};
			name = Debug;
		};
		4175E8962863845900DCFDC7 /* Release */ = {
			isa = XCBuildConfiguration;
			buildSettings = {
				ASSETCATALOG_COMPILER_APPICON_NAME = AppIcon;
				ASSETCATALOG_COMPILER_GLOBAL_ACCENT_COLOR_NAME = AccentColor;
				CODE_SIGN_STYLE = Automatic;
				INFOPLIST_FILE = calcpro/Info.plist;
				IPHONEOS_DEPLOYMENT_TARGET = 13.0;
				LD_RUNPATH_SEARCH_PATHS = (
					"$(inherited)",
					"@executable_path/Frameworks",
				);
				PRODUCT_BUNDLE_IDENTIFIER = shm.calcpro;
				PRODUCT_NAME = "$(TARGET_NAME)";
				SWIFT_VERSION = 5.0;
				TARGETED_DEVICE_FAMILY = "1,2";
			};
			name = Release;
		};
/* End XCBuildConfiguration section */

/* Begin XCConfigurationList section */
		4175E87B2863845800DCFDC7 /* Build configuration list for PBXProject "calcpro" */ = {
			isa = XCConfigurationList;
			buildConfigurations = (
				4175E8922863845900DCFDC7 /* Debug */,
				4175E8932863845900DCFDC7 /* Release */,
			);
			defaultConfigurationIsVisible = 0;
			defaultConfigurationName = Release;
		};
		4175E8942863845900DCFDC7 /* Build configuration list for PBXNativeTarget "calcpro" */ = {
			isa = XCConfigurationList;
			buildConfigurations = (
				4175E8952863845900DCFDC7 /* Debug */,
				4175E8962863845900DCFDC7 /* Release */,
			);
			defaultConfigurationIsVisible = 0;
			defaultConfigurationName = Release;
		};
/* End XCConfigurationList section */
	};
	rootObject = 4175E8782863845800DCFDC7 /* Project object */;
}
